
Microsoft Visual Studio Solution File, Format Version 12.00
# Visual Studio Version 17
VisualStudioVersion = 17.11.35312.102
MinimumVisualStudioVersion = 10.0.40219.1
Project("{FAE04EC0-301F-11D3-BF4B-00C04F79EFBC}") = "HelloWPF", "HelloWPF\HelloWPF.csproj", "{145E29E0-752B-460C-9B98-5609454C483A}"
EndProject
Global
	GlobalSection(SolutionConfigurationPlatforms) = preSolution
		Debug|Any CPU = Debug|Any CPU
		Release|Any CPU = Release|Any CPU
	EndGlobalSection
	GlobalSection(ProjectConfigurationPlatforms) = postSolution
		{145E29E0-752B-460C-9B98-5609454C483A}.Debug|Any CPU.ActiveCfg = Debug|Any CPU
		{145E29E0-752B-460C-9B98-5609454C483A}.Debug|Any CPU.Build.0 = Debug|Any CPU
		{145E29E0-752B-460C-9B98-5609454C483A}.Release|Any CPU.ActiveCfg = Release|Any CPU
		{145E29E0-752B-460C-9B98-5609454C483A}.Release|Any CPU.Build.0 = Release|Any CPU
	EndGlobalSection
	GlobalSection(SolutionProperties) = preSolution
		HideSolutionNode = FALSE
	EndGlobalSection
	GlobalSection(ExtensibilityGlobals) = postSolution
		SolutionGuid = {45265A04-185E-4056-8416-248D884FFD3C}
	EndGlobalSection
EndGlobal
