
Microsoft Visual Studio Solution File, Format Version 12.00
# Visual Studio Version 17
VisualStudioVersion = 17.11.35312.102
MinimumVisualStudioVersion = 10.0.40219.1
Project("{FAE04EC0-301F-11D3-BF4B-00C04F79EFBC}") = "01_HelloWPF", "01_HelloWPF\01_HelloWPF.csproj", "{DD8C1758-3A48-45B6-8407-D556353BCA74}"
EndProject
Global
	GlobalSection(SolutionConfigurationPlatforms) = preSolution
		Debug|Any CPU = Debug|Any CPU
		Release|Any CPU = Release|Any CPU
	EndGlobalSection
	GlobalSection(ProjectConfigurationPlatforms) = postSolution
		{DD8C1758-3A48-45B6-8407-D556353BCA74}.Debug|Any CPU.ActiveCfg = Debug|Any CPU
		{DD8C1758-3A48-45B6-8407-D556353BCA74}.Debug|Any CPU.Build.0 = Debug|Any CPU
		{DD8C1758-3A48-45B6-8407-D556353BCA74}.Release|Any CPU.ActiveCfg = Release|Any CPU
		{DD8C1758-3A48-45B6-8407-D556353BCA74}.Release|Any CPU.Build.0 = Release|Any CPU
	EndGlobalSection
	GlobalSection(SolutionProperties) = preSolution
		HideSolutionNode = FALSE
	EndGlobalSection
	GlobalSection(ExtensibilityGlobals) = postSolution
		SolutionGuid = {03F3DEC3-1889-49B0-B0A4-DB7A704C8B0D}
	EndGlobalSection
EndGlobal
